
Microsoft Visual Studio Solution File, Format Version 12.00
# Visual Studio 15
VisualStudioVersion = 15.0.28307.1062
MinimumVisualStudioVersion = 10.0.40219.1
Project("{FAE04EC0-301F-11D3-BF4B-00C04F79EFBC}") = "Проект", "Проект\Проект.csproj", "{BA6C79FA-CAAB-478D-A073-A4F2977F1ADC}"
EndProject
Global
	GlobalSection(SolutionConfigurationPlatforms) = preSolution
		Debug|Any CPU = Debug|Any CPU
		Release|Any CPU = Release|Any CPU
	EndGlobalSection
	GlobalSection(ProjectConfigurationPlatforms) = postSolution
		{BA6C79FA-CAAB-478D-A073-A4F2977F1ADC}.Debug|Any CPU.ActiveCfg = Debug|Any CPU
		{BA6C79FA-CAAB-478D-A073-A4F2977F1ADC}.Debug|Any CPU.Build.0 = Debug|Any CPU
		{BA6C79FA-CAAB-478D-A073-A4F2977F1ADC}.Release|Any CPU.ActiveCfg = Release|Any CPU
		{BA6C79FA-CAAB-478D-A073-A4F2977F1ADC}.Release|Any CPU.Build.0 = Release|Any CPU
	EndGlobalSection
	GlobalSection(SolutionProperties) = preSolution
		HideSolutionNode = FALSE
	EndGlobalSection
	GlobalSection(ExtensibilityGlobals) = postSolution
		SolutionGuid = {6D706417-7B5D-4FA7-BF8E-04D38134CB04}
	EndGlobalSection
EndGlobal
